// !$*UTF8*$!
{
	archiveVersion = 1;
	classes = {
	};
	objectVersion = 55;
	objects = {

/* Begin PBXBuildFile section */
		75ECEB57CCE9EF932C8E7E58 /* Pods_Otasen.framework in Frameworks */ = {isa = PBXBuildFile; fileRef = 852CCC883E1927961FA2052E /* Pods_Otasen.framework */; };
		F452AFAF27FD44490086D521 /* MainViewController.swift in Sources */ = {isa = PBXBuildFile; fileRef = F452AFAE27FD44490086D521 /* MainViewController.swift */; };
		F452AFB127FE8F150086D521 /* cat.json in Resources */ = {isa = PBXBuildFile; fileRef = F452AFB027FE8F150086D521 /* cat.json */; };
		F4DBDA2B27FBE8AA007C5A4D /* AppDelegate.swift in Sources */ = {isa = PBXBuildFile; fileRef = F4DBDA2A27FBE8AA007C5A4D /* AppDelegate.swift */; };
		F4DBDA2D27FBE8AA007C5A4D /* SceneDelegate.swift in Sources */ = {isa = PBXBuildFile; fileRef = F4DBDA2C27FBE8AA007C5A4D /* SceneDelegate.swift */; };
		F4DBDA2F27FBE8AA007C5A4D /* ViewController.swift in Sources */ = {isa = PBXBuildFile; fileRef = F4DBDA2E27FBE8AA007C5A4D /* ViewController.swift */; };
		F4DBDA3227FBE8AA007C5A4D /* Main.storyboard in Resources */ = {isa = PBXBuildFile; fileRef = F4DBDA3027FBE8AA007C5A4D /* Main.storyboard */; };
		F4DBDA3427FBE8AC007C5A4D /* Assets.xcassets in Resources */ = {isa = PBXBuildFile; fileRef = F4DBDA3327FBE8AC007C5A4D /* Assets.xcassets */; };
		F4DBDA3727FBE8AC007C5A4D /* LaunchScreen.storyboard in Resources */ = {isa = PBXBuildFile; fileRef = F4DBDA3527FBE8AC007C5A4D /* LaunchScreen.storyboard */; };
/* End PBXBuildFile section */

/* Begin PBXFileReference section */
		852CCC883E1927961FA2052E /* Pods_Otasen.framework */ = {isa = PBXFileReference; explicitFileType = wrapper.framework; includeInIndex = 0; path = Pods_Otasen.framework; sourceTree = BUILT_PRODUCTS_DIR; };
		9F8EA9B3C1C7420BBFE1C559 /* Pods-Otasen.debug.xcconfig */ = {isa = PBXFileReference; includeInIndex = 1; lastKnownFileType = text.xcconfig; name = "Pods-Otasen.debug.xcconfig"; path = "Target Support Files/Pods-Otasen/Pods-Otasen.debug.xcconfig"; sourceTree = "<group>"; };
		C107F9660DD667A113E2956A /* Pods-Otasen.release.xcconfig */ = {isa = PBXFileReference; includeInIndex = 1; lastKnownFileType = text.xcconfig; name = "Pods-Otasen.release.xcconfig"; path = "Target Support Files/Pods-Otasen/Pods-Otasen.release.xcconfig"; sourceTree = "<group>"; };
		F452AFAE27FD44490086D521 /* MainViewController.swift */ = {isa = PBXFileReference; lastKnownFileType = sourcecode.swift; path = MainViewController.swift; sourceTree = "<group>"; };
		F452AFB027FE8F150086D521 /* cat.json */ = {isa = PBXFileReference; fileEncoding = 4; lastKnownFileType = text.json; path = cat.json; sourceTree = "<group>"; };
		F4DBDA2727FBE8AA007C5A4D /* Otasen.app */ = {isa = PBXFileReference; explicitFileType = wrapper.application; includeInIndex = 0; path = Otasen.app; sourceTree = BUILT_PRODUCTS_DIR; };
		F4DBDA2A27FBE8AA007C5A4D /* AppDelegate.swift */ = {isa = PBXFileReference; lastKnownFileType = sourcecode.swift; path = AppDelegate.swift; sourceTree = "<group>"; };
		F4DBDA2C27FBE8AA007C5A4D /* SceneDelegate.swift */ = {isa = PBXFileReference; lastKnownFileType = sourcecode.swift; path = SceneDelegate.swift; sourceTree = "<group>"; };
		F4DBDA2E27FBE8AA007C5A4D /* ViewController.swift */ = {isa = PBXFileReference; lastKnownFileType = sourcecode.swift; path = ViewController.swift; sourceTree = "<group>"; };
		F4DBDA3127FBE8AA007C5A4D /* Base */ = {isa = PBXFileReference; lastKnownFileType = file.storyboard; name = Base; path = Base.lproj/Main.storyboard; sourceTree = "<group>"; };
		F4DBDA3327FBE8AC007C5A4D /* Assets.xcassets */ = {isa = PBXFileReference; lastKnownFileType = folder.assetcatalog; path = Assets.xcassets; sourceTree = "<group>"; };
		F4DBDA3627FBE8AC007C5A4D /* Base */ = {isa = PBXFileReference; lastKnownFileType = file.storyboard; name = Base; path = Base.lproj/LaunchScreen.storyboard; sourceTree = "<group>"; };
		F4DBDA3827FBE8AC007C5A4D /* Info.plist */ = {isa = PBXFileReference; lastKnownFileType = text.plist.xml; path = Info.plist; sourceTree = "<group>"; };
/* End PBXFileReference section */

/* Begin PBXFrameworksBuildPhase section */
		F4DBDA2427FBE8AA007C5A4D /* Frameworks */ = {
			isa = PBXFrameworksBuildPhase;
			buildActionMask = 2147483647;
			files = (
				75ECEB57CCE9EF932C8E7E58 /* Pods_Otasen.framework in Frameworks */,
			);
			runOnlyForDeploymentPostprocessing = 0;
		};
/* End PBXFrameworksBuildPhase section */

/* Begin PBXGroup section */
		8225EC66A720B8934496FB9F /* Pods */ = {
			isa = PBXGroup;
			children = (
				9F8EA9B3C1C7420BBFE1C559 /* Pods-Otasen.debug.xcconfig */,
				C107F9660DD667A113E2956A /* Pods-Otasen.release.xcconfig */,
			);
			path = Pods;
			sourceTree = "<group>";
		};
		B3F8F9F3C6AB7246A6488410 /* Frameworks */ = {
			isa = PBXGroup;
			children = (
				852CCC883E1927961FA2052E /* Pods_Otasen.framework */,
			);
			name = Frameworks;
			sourceTree = "<group>";
		};
		F4DBDA1E27FBE8AA007C5A4D = {
			isa = PBXGroup;
			children = (
				F452AFB027FE8F150086D521 /* cat.json */,
				F4DBDA2927FBE8AA007C5A4D /* MC 1 Team 6 - Otasen */,
				F4DBDA2827FBE8AA007C5A4D /* Products */,
				8225EC66A720B8934496FB9F /* Pods */,
				B3F8F9F3C6AB7246A6488410 /* Frameworks */,
			);
			sourceTree = "<group>";
		};
		F4DBDA2827FBE8AA007C5A4D /* Products */ = {
			isa = PBXGroup;
			children = (
				F4DBDA2727FBE8AA007C5A4D /* Otasen.app */,
			);
			name = Products;
			sourceTree = "<group>";
		};
		F4DBDA2927FBE8AA007C5A4D /* MC 1 Team 6 - Otasen */ = {
			isa = PBXGroup;
			children = (
				F4DBDA2A27FBE8AA007C5A4D /* AppDelegate.swift */,
				F4DBDA2C27FBE8AA007C5A4D /* SceneDelegate.swift */,
				F4DBDA2E27FBE8AA007C5A4D /* ViewController.swift */,
				F452AFAE27FD44490086D521 /* MainViewController.swift */,
				F4DBDA3027FBE8AA007C5A4D /* Main.storyboard */,
				F4DBDA3327FBE8AC007C5A4D /* Assets.xcassets */,
				F4DBDA3527FBE8AC007C5A4D /* LaunchScreen.storyboard */,
				F4DBDA3827FBE8AC007C5A4D /* Info.plist */,
			);
			path = "MC 1 Team 6 - Otasen";
			sourceTree = "<group>";
		};
/* End PBXGroup section */

/* Begin PBXNativeTarget section */
		F4DBDA2627FBE8AA007C5A4D /* Otasen */ = {
			isa = PBXNativeTarget;
			buildConfigurationList = F4DBDA3B27FBE8AC007C5A4D /* Build configuration list for PBXNativeTarget "Otasen" */;
			buildPhases = (
				B939E13B487843736E0A4C08 /* [CP] Check Pods Manifest.lock */,
				F4DBDA2327FBE8AA007C5A4D /* Sources */,
				F4DBDA2427FBE8AA007C5A4D /* Frameworks */,
				F4DBDA2527FBE8AA007C5A4D /* Resources */,
				B4E66FB751A729D614312835 /* [CP] Embed Pods Frameworks */,
			);
			buildRules = (
			);
			dependencies = (
			);
			name = Otasen;
			productName = "MC 1 Team 6 - Otasen";
			productReference = F4DBDA2727FBE8AA007C5A4D /* Otasen.app */;
			productType = "com.apple.product-type.application";
		};
/* End PBXNativeTarget section */

/* Begin PBXProject section */
		F4DBDA1F27FBE8AA007C5A4D /* Project object */ = {
			isa = PBXProject;
			attributes = {
				BuildIndependentTargetsInParallel = 1;
				LastSwiftUpdateCheck = 1330;
				LastUpgradeCheck = 1330;
				TargetAttributes = {
					F4DBDA2627FBE8AA007C5A4D = {
						CreatedOnToolsVersion = 13.3;
					};
				};
			};
			buildConfigurationList = F4DBDA2227FBE8AA007C5A4D /* Build configuration list for PBXProject "MC 1 Team 6 - Otasen" */;
			compatibilityVersion = "Xcode 13.0";
			developmentRegion = en;
			hasScannedForEncodings = 0;
			knownRegions = (
				en,
				Base,
			);
			mainGroup = F4DBDA1E27FBE8AA007C5A4D;
			productRefGroup = F4DBDA2827FBE8AA007C5A4D /* Products */;
			projectDirPath = "";
			projectRoot = "";
			targets = (
				F4DBDA2627FBE8AA007C5A4D /* Otasen */,
			);
		};
/* End PBXProject section */

/* Begin PBXResourcesBuildPhase section */
		F4DBDA2527FBE8AA007C5A4D /* Resources */ = {
			isa = PBXResourcesBuildPhase;
			buildActionMask = 2147483647;
			files = (
				F452AFB127FE8F150086D521 /* cat.json in Resources */,
				F4DBDA3727FBE8AC007C5A4D /* LaunchScreen.storyboard in Resources */,
				F4DBDA3427FBE8AC007C5A4D /* Assets.xcassets in Resources */,
				F4DBDA3227FBE8AA007C5A4D /* Main.storyboard in Resources */,
			);
			runOnlyForDeploymentPostprocessing = 0;
		};
/* End PBXResourcesBuildPhase section */

/* Begin PBXShellScriptBuildPhase section */
		B4E66FB751A729D614312835 /* [CP] Embed Pods Frameworks */ = {
			isa = PBXShellScriptBuildPhase;
			buildActionMask = 2147483647;
			files = (
			);
			inputFileListPaths = (
				"${PODS_ROOT}/Target Support Files/Pods-Otasen/Pods-Otasen-frameworks-${CONFIGURATION}-input-files.xcfilelist",
			);
			name = "[CP] Embed Pods Frameworks";
			outputFileListPaths = (
				"${PODS_ROOT}/Target Support Files/Pods-Otasen/Pods-Otasen-frameworks-${CONFIGURATION}-output-files.xcfilelist",
			);
			runOnlyForDeploymentPostprocessing = 0;
			shellPath = /bin/sh;
			shellScript = "\"${PODS_ROOT}/Target Support Files/Pods-Otasen/Pods-Otasen-frameworks.sh\"\n";
			showEnvVarsInLog = 0;
		};
		B939E13B487843736E0A4C08 /* [CP] Check Pods Manifest.lock */ = {
			isa = PBXShellScriptBuildPhase;
			buildActionMask = 2147483647;
			files = (
			);
			inputFileListPaths = (
			);
			inputPaths = (
				"${PODS_PODFILE_DIR_PATH}/Podfile.lock",
				"${PODS_ROOT}/Manifest.lock",
			);
			name = "[CP] Check Pods Manifest.lock";
			outputFileListPaths = (
			);
			outputPaths = (
				"$(DERIVED_FILE_DIR)/Pods-Otasen-checkManifestLockResult.txt",
			);
			runOnlyForDeploymentPostprocessing = 0;
			shellPath = /bin/sh;
			shellScript = "diff \"${PODS_PODFILE_DIR_PATH}/Podfile.lock\" \"${PODS_ROOT}/Manifest.lock\" > /dev/null\nif [ $? != 0 ] ; then\n    # print error to STDERR\n    echo \"error: The sandbox is not in sync with the Podfile.lock. Run 'pod install' or update your CocoaPods installation.\" >&2\n    exit 1\nfi\n# This output is used by Xcode 'outputs' to avoid re-running this script phase.\necho \"SUCCESS\" > \"${SCRIPT_OUTPUT_FILE_0}\"\n";
			showEnvVarsInLog = 0;
		};
/* End PBXShellScriptBuildPhase section */

/* Begin PBXSourcesBuildPhase section */
		F4DBDA2327FBE8AA007C5A4D /* Sources */ = {
			isa = PBXSourcesBuildPhase;
			buildActionMask = 2147483647;
			files = (
				F4DBDA2F27FBE8AA007C5A4D /* ViewController.swift in Sources */,
				F4DBDA2B27FBE8AA007C5A4D /* AppDelegate.swift in Sources */,
				F4DBDA2D27FBE8AA007C5A4D /* SceneDelegate.swift in Sources */,
				F452AFAF27FD44490086D521 /* MainViewController.swift in Sources */,
			);
			runOnlyForDeploymentPostprocessing = 0;
		};
/* End PBXSourcesBuildPhase section */

/* Begin PBXVariantGroup section */
		F4DBDA3027FBE8AA007C5A4D /* Main.storyboard */ = {
			isa = PBXVariantGroup;
			children = (
				F4DBDA3127FBE8AA007C5A4D /* Base */,
			);
			name = Main.storyboard;
			sourceTree = "<group>";
		};
		F4DBDA3527FBE8AC007C5A4D /* LaunchScreen.storyboard */ = {
			isa = PBXVariantGroup;
			children = (
				F4DBDA3627FBE8AC007C5A4D /* Base */,
			);
			name = LaunchScreen.storyboard;
			sourceTree = "<group>";
		};
/* End PBXVariantGroup section */

/* Begin XCBuildConfiguration section */
		F4DBDA3927FBE8AC007C5A4D /* Debug */ = {
			isa = XCBuildConfiguration;
			buildSettings = {
				ALWAYS_SEARCH_USER_PATHS = NO;
				CLANG_ANALYZER_NONNULL = YES;
				CLANG_ANALYZER_NUMBER_OBJECT_CONVERSION = YES_AGGRESSIVE;
				CLANG_CXX_LANGUAGE_STANDARD = "gnu++17";
				CLANG_ENABLE_MODULES = YES;
				CLANG_ENABLE_OBJC_ARC = YES;
				CLANG_ENABLE_OBJC_WEAK = YES;
				CLANG_WARN_BLOCK_CAPTURE_AUTORELEASING = YES;
				CLANG_WARN_BOOL_CONVERSION = YES;
				CLANG_WARN_COMMA = YES;
				CLANG_WARN_CONSTANT_CONVERSION = YES;
				CLANG_WARN_DEPRECATED_OBJC_IMPLEMENTATIONS = YES;
				CLANG_WARN_DIRECT_OBJC_ISA_USAGE = YES_ERROR;
				CLANG_WARN_DOCUMENTATION_COMMENTS = YES;
				CLANG_WARN_EMPTY_BODY = YES;
				CLANG_WARN_ENUM_CONVERSION = YES;
				CLANG_WARN_INFINITE_RECURSION = YES;
				CLANG_WARN_INT_CONVERSION = YES;
				CLANG_WARN_NON_LITERAL_NULL_CONVERSION = YES;
				CLANG_WARN_OBJC_IMPLICIT_RETAIN_SELF = YES;
				CLANG_WARN_OBJC_LITERAL_CONVERSION = YES;
				CLANG_WARN_OBJC_ROOT_CLASS = YES_ERROR;
				CLANG_WARN_QUOTED_INCLUDE_IN_FRAMEWORK_HEADER = YES;
				CLANG_WARN_RANGE_LOOP_ANALYSIS = YES;
				CLANG_WARN_STRICT_PROTOTYPES = YES;
				CLANG_WARN_SUSPICIOUS_MOVE = YES;
				CLANG_WARN_UNGUARDED_AVAILABILITY = YES_AGGRESSIVE;
				CLANG_WARN_UNREACHABLE_CODE = YES;
				CLANG_WARN__DUPLICATE_METHOD_MATCH = YES;
				COPY_PHASE_STRIP = NO;
				DEBUG_INFORMATION_FORMAT = dwarf;
				ENABLE_STRICT_OBJC_MSGSEND = YES;
				ENABLE_TESTABILITY = YES;
				GCC_C_LANGUAGE_STANDARD = gnu11;
				GCC_DYNAMIC_NO_PIC = NO;
				GCC_NO_COMMON_BLOCKS = YES;
				GCC_OPTIMIZATION_LEVEL = 0;
				GCC_PREPROCESSOR_DEFINITIONS = (
					"DEBUG=1",
					"$(inherited)",
				);
				GCC_WARN_64_TO_32_BIT_CONVERSION = YES;
				GCC_WARN_ABOUT_RETURN_TYPE = YES_ERROR;
				GCC_WARN_UNDECLARED_SELECTOR = YES;
				GCC_WARN_UNINITIALIZED_AUTOS = YES_AGGRESSIVE;
				GCC_WARN_UNUSED_FUNCTION = YES;
				GCC_WARN_UNUSED_VARIABLE = YES;
				IPHONEOS_DEPLOYMENT_TARGET = 15.4;
				MTL_ENABLE_DEBUG_INFO = INCLUDE_SOURCE;
				MTL_FAST_MATH = YES;
				ONLY_ACTIVE_ARCH = YES;
				SDKROOT = iphoneos;
				SWIFT_ACTIVE_COMPILATION_CONDITIONS = DEBUG;
				SWIFT_OPTIMIZATION_LEVEL = "-Onone";
			};
			name = Debug;
		};
		F4DBDA3A27FBE8AC007C5A4D /* Release */ = {
			isa = XCBuildConfiguration;
			buildSettings = {
				ALWAYS_SEARCH_USER_PATHS = NO;
				CLANG_ANALYZER_NONNULL = YES;
				CLANG_ANALYZER_NUMBER_OBJECT_CONVERSION = YES_AGGRESSIVE;
				CLANG_CXX_LANGUAGE_STANDARD = "gnu++17";
				CLANG_ENABLE_MODULES = YES;
				CLANG_ENABLE_OBJC_ARC = YES;
				CLANG_ENABLE_OBJC_WEAK = YES;
				CLANG_WARN_BLOCK_CAPTURE_AUTORELEASING = YES;
				CLANG_WARN_BOOL_CONVERSION = YES;
				CLANG_WARN_COMMA = YES;
				CLANG_WARN_CONSTANT_CONVERSION = YES;
				CLANG_WARN_DEPRECATED_OBJC_IMPLEMENTATIONS = YES;
				CLANG_WARN_DIRECT_OBJC_ISA_USAGE = YES_ERROR;
				CLANG_WARN_DOCUMENTATION_COMMENTS = YES;
				CLANG_WARN_EMPTY_BODY = YES;
				CLANG_WARN_ENUM_CONVERSION = YES;
				CLANG_WARN_INFINITE_RECURSION = YES;
				CLANG_WARN_INT_CONVERSION = YES;
				CLANG_WARN_NON_LITERAL_NULL_CONVERSION = YES;
				CLANG_WARN_OBJC_IMPLICIT_RETAIN_SELF = YES;
				CLANG_WARN_OBJC_LITERAL_CONVERSION = YES;
				CLANG_WARN_OBJC_ROOT_CLASS = YES_ERROR;
				CLANG_WARN_QUOTED_INCLUDE_IN_FRAMEWORK_HEADER = YES;
				CLANG_WARN_RANGE_LOOP_ANALYSIS = YES;
				CLANG_WARN_STRICT_PROTOTYPES = YES;
				CLANG_WARN_SUSPICIOUS_MOVE = YES;
				CLANG_WARN_UNGUARDED_AVAILABILITY = YES_AGGRESSIVE;
				CLANG_WARN_UNREACHABLE_CODE = YES;
				CLANG_WARN__DUPLICATE_METHOD_MATCH = YES;
				COPY_PHASE_STRIP = NO;
				DEBUG_INFORMATION_FORMAT = "dwarf-with-dsym";
				ENABLE_NS_ASSERTIONS = NO;
				ENABLE_STRICT_OBJC_MSGSEND = YES;
				GCC_C_LANGUAGE_STANDARD = gnu11;
				GCC_NO_COMMON_BLOCKS = YES;
				GCC_WARN_64_TO_32_BIT_CONVERSION = YES;
				GCC_WARN_ABOUT_RETURN_TYPE = YES_ERROR;
				GCC_WARN_UNDECLARED_SELECTOR = YES;
				GCC_WARN_UNINITIALIZED_AUTOS = YES_AGGRESSIVE;
				GCC_WARN_UNUSED_FUNCTION = YES;
				GCC_WARN_UNUSED_VARIABLE = YES;
				IPHONEOS_DEPLOYMENT_TARGET = 15.4;
				MTL_ENABLE_DEBUG_INFO = NO;
				MTL_FAST_MATH = YES;
				SDKROOT = iphoneos;
				SWIFT_COMPILATION_MODE = wholemodule;
				SWIFT_OPTIMIZATION_LEVEL = "-O";
				VALIDATE_PRODUCT = YES;
			};
			name = Release;
		};
		F4DBDA3C27FBE8AC007C5A4D /* Debug */ = {
			isa = XCBuildConfiguration;
			baseConfigurationReference = 9F8EA9B3C1C7420BBFE1C559 /* Pods-Otasen.debug.xcconfig */;
			buildSettings = {
				ASSETCATALOG_COMPILER_APPICON_NAME = AppIcon;
				ASSETCATALOG_COMPILER_GLOBAL_ACCENT_COLOR_NAME = AccentColor;
				CODE_SIGN_STYLE = Automatic;
				CURRENT_PROJECT_VERSION = 1;
				DEVELOPMENT_TEAM = Y9Q4CYJ2ZH;
				GENERATE_INFOPLIST_FILE = YES;
				INFOPLIST_FILE = "MC 1 Team 6 - Otasen/Info.plist";
				INFOPLIST_KEY_CFBundleDisplayName = Otasen;
				INFOPLIST_KEY_UIApplicationSupportsIndirectInputEvents = YES;
				INFOPLIST_KEY_UILaunchStoryboardName = LaunchScreen;
				INFOPLIST_KEY_UIMainStoryboardFile = Main;
				INFOPLIST_KEY_UISupportedInterfaceOrientations_iPad = "UIInterfaceOrientationPortrait UIInterfaceOrientationPortraitUpsideDown UIInterfaceOrientationLandscapeLeft UIInterfaceOrientationLandscapeRight";
				INFOPLIST_KEY_UISupportedInterfaceOrientations_iPhone = "UIInterfaceOrientationPortrait UIInterfaceOrientationLandscapeLeft UIInterfaceOrientationLandscapeRight";
				LD_RUNPATH_SEARCH_PATHS = (
					"$(inherited)",
					"@executable_path/Frameworks",
				);
				MARKETING_VERSION = 1.0;
				PRODUCT_BUNDLE_IDENTIFIER = "com.jaliku.MC-1-Team-6-Otasen";
				PRODUCT_NAME = "$(TARGET_NAME)";
				SWIFT_EMIT_LOC_STRINGS = YES;
				SWIFT_VERSION = 5.0;
				TARGETED_DEVICE_FAMILY = 1;
			};
			name = Debug;
		};
		F4DBDA3D27FBE8AC007C5A4D /* Release */ = {
			isa = XCBuildConfiguration;
			baseConfigurationReference = C107F9660DD667A113E2956A /* Pods-Otasen.release.xcconfig */;
			buildSettings = {
				ASSETCATALOG_COMPILER_APPICON_NAME = AppIcon;
				ASSETCATALOG_COMPILER_GLOBAL_ACCENT_COLOR_NAME = AccentColor;
				CODE_SIGN_STYLE = Automatic;
				CURRENT_PROJECT_VERSION = 1;
				DEVELOPMENT_TEAM = Y9Q4CYJ2ZH;
				GENERATE_INFOPLIST_FILE = YES;
				INFOPLIST_FILE = "MC 1 Team 6 - Otasen/Info.plist";
				INFOPLIST_KEY_CFBundleDisplayName = Otasen;
				INFOPLIST_KEY_UIApplicationSupportsIndirectInputEvents = YES;
				INFOPLIST_KEY_UILaunchStoryboardName = LaunchScreen;
				INFOPLIST_KEY_UIMainStoryboardFile = Main;
				INFOPLIST_KEY_UISupportedInterfaceOrientations_iPad = "UIInterfaceOrientationPortrait UIInterfaceOrientationPortraitUpsideDown UIInterfaceOrientationLandscapeLeft UIInterfaceOrientationLandscapeRight";
				INFOPLIST_KEY_UISupportedInterfaceOrientations_iPhone = "UIInterfaceOrientationPortrait UIInterfaceOrientationLandscapeLeft UIInterfaceOrientationLandscapeRight";
				LD_RUNPATH_SEARCH_PATHS = (
					"$(inherited)",
					"@executable_path/Frameworks",
				);
				MARKETING_VERSION = 1.0;
				PRODUCT_BUNDLE_IDENTIFIER = "com.jaliku.MC-1-Team-6-Otasen";
				PRODUCT_NAME = "$(TARGET_NAME)";
				SWIFT_EMIT_LOC_STRINGS = YES;
				SWIFT_VERSION = 5.0;
				TARGETED_DEVICE_FAMILY = 1;
			};
			name = Release;
		};
/* End XCBuildConfiguration section */

/* Begin XCConfigurationList section */
		F4DBDA2227FBE8AA007C5A4D /* Build configuration list for PBXProject "MC 1 Team 6 - Otasen" */ = {
			isa = XCConfigurationList;
			buildConfigurations = (
				F4DBDA3927FBE8AC007C5A4D /* Debug */,
				F4DBDA3A27FBE8AC007C5A4D /* Release */,
			);
			defaultConfigurationIsVisible = 0;
			defaultConfigurationName = Release;
		};
		F4DBDA3B27FBE8AC007C5A4D /* Build configuration list for PBXNativeTarget "Otasen" */ = {
			isa = XCConfigurationList;
			buildConfigurations = (
				F4DBDA3C27FBE8AC007C5A4D /* Debug */,
				F4DBDA3D27FBE8AC007C5A4D /* Release */,
			);
			defaultConfigurationIsVisible = 0;
			defaultConfigurationName = Release;
		};
/* End XCConfigurationList section */
	};
	rootObject = F4DBDA1F27FBE8AA007C5A4D /* Project object */;
}
